// !$*UTF8*$!
{
	archiveVersion = 1;
	classes = {
	};
	objectVersion = 51;
	objects = {

/* Begin PBXBuildFile section */
		1C3EC487AD2538440C974B21 /* Pods_GitApi_GitApiUITests.framework in Frameworks */ = {isa = PBXBuildFile; fileRef = 4AD1EA63579990F5B24E55FF /* Pods_GitApi_GitApiUITests.framework */; };
		960957E32481FF7F00BE26FF /* RepositoryModel.swift in Sources */ = {isa = PBXBuildFile; fileRef = 960957E22481FF7F00BE26FF /* RepositoryModel.swift */; };
		960957E82482B2BA00BE26FF /* UIImageView+Nuke.swift in Sources */ = {isa = PBXBuildFile; fileRef = 960957E72482B2BA00BE26FF /* UIImageView+Nuke.swift */; };
		960957EA2482B49400BE26FF /* UIImage+DefaultPlaceholder.swift in Sources */ = {isa = PBXBuildFile; fileRef = 960957E92482B49400BE26FF /* UIImage+DefaultPlaceholder.swift */; };
		960957EC2482B59600BE26FF /* UIView+Constraints.swift in Sources */ = {isa = PBXBuildFile; fileRef = 960957EB2482B59600BE26FF /* UIView+Constraints.swift */; };
		960957EF2482B8D000BE26FF /* RespositoryTableViewCell.swift in Sources */ = {isa = PBXBuildFile; fileRef = 960957EE2482B8D000BE26FF /* RespositoryTableViewCell.swift */; };
		960957F12482BA1A00BE26FF /* Collection+Safety.swift in Sources */ = {isa = PBXBuildFile; fileRef = 960957F02482BA1A00BE26FF /* Collection+Safety.swift */; };
		96910BEF2481EAA00012D9D3 /* AppDelegate.swift in Sources */ = {isa = PBXBuildFile; fileRef = 96910BEE2481EAA00012D9D3 /* AppDelegate.swift */; };
		96910BF12481EAA00012D9D3 /* SceneDelegate.swift in Sources */ = {isa = PBXBuildFile; fileRef = 96910BF02481EAA00012D9D3 /* SceneDelegate.swift */; };
		96910BF82481EAA10012D9D3 /* Assets.xcassets in Resources */ = {isa = PBXBuildFile; fileRef = 96910BF72481EAA10012D9D3 /* Assets.xcassets */; };
		96910BFB2481EAA10012D9D3 /* LaunchScreen.storyboard in Resources */ = {isa = PBXBuildFile; fileRef = 96910BF92481EAA10012D9D3 /* LaunchScreen.storyboard */; };
		96910C062481EAA10012D9D3 /* GitApiTests.swift in Sources */ = {isa = PBXBuildFile; fileRef = 96910C052481EAA10012D9D3 /* GitApiTests.swift */; };
		96910C112481EAA10012D9D3 /* GitApiUITests.swift in Sources */ = {isa = PBXBuildFile; fileRef = 96910C102481EAA10012D9D3 /* GitApiUITests.swift */; };
		96910C222481EE750012D9D3 /* RequestMaker.swift in Sources */ = {isa = PBXBuildFile; fileRef = 96910C212481EE750012D9D3 /* RequestMaker.swift */; };
		96910C242481FC850012D9D3 /* APISupport.swift in Sources */ = {isa = PBXBuildFile; fileRef = 96910C232481FC850012D9D3 /* APISupport.swift */; };
		96910C2B2481FD430012D9D3 /* RepositoryListPresenter.swift in Sources */ = {isa = PBXBuildFile; fileRef = 96910C252481FD430012D9D3 /* RepositoryListPresenter.swift */; };
		96910C2C2481FD430012D9D3 /* RepositoryListRouter.swift in Sources */ = {isa = PBXBuildFile; fileRef = 96910C262481FD430012D9D3 /* RepositoryListRouter.swift */; };
		96910C2D2481FD430012D9D3 /* RepositoryListViewController.swift in Sources */ = {isa = PBXBuildFile; fileRef = 96910C272481FD430012D9D3 /* RepositoryListViewController.swift */; };
		96910C2E2481FD430012D9D3 /* RepositoryListProtocols.swift in Sources */ = {isa = PBXBuildFile; fileRef = 96910C282481FD430012D9D3 /* RepositoryListProtocols.swift */; };
		96910C2F2481FD430012D9D3 /* RepositoryListInteractor.swift in Sources */ = {isa = PBXBuildFile; fileRef = 96910C292481FD430012D9D3 /* RepositoryListInteractor.swift */; };
		B79736D964C3DF80CD1FE171 /* Pods_GitApiTests.framework in Frameworks */ = {isa = PBXBuildFile; fileRef = 38EA1BDD7FB31BBE63272443 /* Pods_GitApiTests.framework */; };
		BC9FABBC66FDB70E9D9C7360 /* Pods_GitApi.framework in Frameworks */ = {isa = PBXBuildFile; fileRef = B14E438666B1DAF695A93D43 /* Pods_GitApi.framework */; };
/* End PBXBuildFile section */

/* Begin PBXContainerItemProxy section */
		96910C022481EAA10012D9D3 /* PBXContainerItemProxy */ = {
			isa = PBXContainerItemProxy;
			containerPortal = 96910BE32481EAA00012D9D3 /* Project object */;
			proxyType = 1;
			remoteGlobalIDString = 96910BEA2481EAA00012D9D3;
			remoteInfo = GitApi;
		};
		96910C0D2481EAA10012D9D3 /* PBXContainerItemProxy */ = {
			isa = PBXContainerItemProxy;
			containerPortal = 96910BE32481EAA00012D9D3 /* Project object */;
			proxyType = 1;
			remoteGlobalIDString = 96910BEA2481EAA00012D9D3;
			remoteInfo = GitApi;
		};
/* End PBXContainerItemProxy section */

/* Begin PBXFileReference section */
		135F0166B9D2E65265106F6F /* Pods-GitApi.debug.xcconfig */ = {isa = PBXFileReference; includeInIndex = 1; lastKnownFileType = text.xcconfig; name = "Pods-GitApi.debug.xcconfig"; path = "Target Support Files/Pods-GitApi/Pods-GitApi.debug.xcconfig"; sourceTree = "<group>"; };
		26A9FEF4E3EFCCC846440274 /* Pods-GitApi.release.xcconfig */ = {isa = PBXFileReference; includeInIndex = 1; lastKnownFileType = text.xcconfig; name = "Pods-GitApi.release.xcconfig"; path = "Target Support Files/Pods-GitApi/Pods-GitApi.release.xcconfig"; sourceTree = "<group>"; };
		38EA1BDD7FB31BBE63272443 /* Pods_GitApiTests.framework */ = {isa = PBXFileReference; explicitFileType = wrapper.framework; includeInIndex = 0; path = Pods_GitApiTests.framework; sourceTree = BUILT_PRODUCTS_DIR; };
		4AD1EA63579990F5B24E55FF /* Pods_GitApi_GitApiUITests.framework */ = {isa = PBXFileReference; explicitFileType = wrapper.framework; includeInIndex = 0; path = Pods_GitApi_GitApiUITests.framework; sourceTree = BUILT_PRODUCTS_DIR; };
		6A5EF025B1F71C30C194C562 /* Pods-GitApi-GitApiUITests.release.xcconfig */ = {isa = PBXFileReference; includeInIndex = 1; lastKnownFileType = text.xcconfig; name = "Pods-GitApi-GitApiUITests.release.xcconfig"; path = "Target Support Files/Pods-GitApi-GitApiUITests/Pods-GitApi-GitApiUITests.release.xcconfig"; sourceTree = "<group>"; };
		6AC574388744511B36192566 /* Pods-GitApi-GitApiUITests.debug.xcconfig */ = {isa = PBXFileReference; includeInIndex = 1; lastKnownFileType = text.xcconfig; name = "Pods-GitApi-GitApiUITests.debug.xcconfig"; path = "Target Support Files/Pods-GitApi-GitApiUITests/Pods-GitApi-GitApiUITests.debug.xcconfig"; sourceTree = "<group>"; };
		960957E22481FF7F00BE26FF /* RepositoryModel.swift */ = {isa = PBXFileReference; lastKnownFileType = sourcecode.swift; path = RepositoryModel.swift; sourceTree = "<group>"; };
		960957E72482B2BA00BE26FF /* UIImageView+Nuke.swift */ = {isa = PBXFileReference; lastKnownFileType = sourcecode.swift; path = "UIImageView+Nuke.swift"; sourceTree = "<group>"; };
		960957E92482B49400BE26FF /* UIImage+DefaultPlaceholder.swift */ = {isa = PBXFileReference; lastKnownFileType = sourcecode.swift; path = "UIImage+DefaultPlaceholder.swift"; sourceTree = "<group>"; };
		960957EB2482B59600BE26FF /* UIView+Constraints.swift */ = {isa = PBXFileReference; lastKnownFileType = sourcecode.swift; path = "UIView+Constraints.swift"; sourceTree = "<group>"; };
		960957EE2482B8D000BE26FF /* RespositoryTableViewCell.swift */ = {isa = PBXFileReference; lastKnownFileType = sourcecode.swift; path = RespositoryTableViewCell.swift; sourceTree = "<group>"; };
		960957F02482BA1A00BE26FF /* Collection+Safety.swift */ = {isa = PBXFileReference; lastKnownFileType = sourcecode.swift; path = "Collection+Safety.swift"; sourceTree = "<group>"; };
		96910BEB2481EAA00012D9D3 /* GitApi.app */ = {isa = PBXFileReference; explicitFileType = wrapper.application; includeInIndex = 0; path = GitApi.app; sourceTree = BUILT_PRODUCTS_DIR; };
		96910BEE2481EAA00012D9D3 /* AppDelegate.swift */ = {isa = PBXFileReference; lastKnownFileType = sourcecode.swift; path = AppDelegate.swift; sourceTree = "<group>"; };
		96910BF02481EAA00012D9D3 /* SceneDelegate.swift */ = {isa = PBXFileReference; lastKnownFileType = sourcecode.swift; path = SceneDelegate.swift; sourceTree = "<group>"; };
		96910BF72481EAA10012D9D3 /* Assets.xcassets */ = {isa = PBXFileReference; lastKnownFileType = folder.assetcatalog; path = Assets.xcassets; sourceTree = "<group>"; };
		96910BFA2481EAA10012D9D3 /* Base */ = {isa = PBXFileReference; lastKnownFileType = file.storyboard; name = Base; path = Base.lproj/LaunchScreen.storyboard; sourceTree = "<group>"; };
		96910BFC2481EAA10012D9D3 /* Info.plist */ = {isa = PBXFileReference; lastKnownFileType = text.plist.xml; path = Info.plist; sourceTree = "<group>"; };
		96910C012481EAA10012D9D3 /* GitApiTests.xctest */ = {isa = PBXFileReference; explicitFileType = wrapper.cfbundle; includeInIndex = 0; path = GitApiTests.xctest; sourceTree = BUILT_PRODUCTS_DIR; };
		96910C052481EAA10012D9D3 /* GitApiTests.swift */ = {isa = PBXFileReference; lastKnownFileType = sourcecode.swift; path = GitApiTests.swift; sourceTree = "<group>"; };
		96910C072481EAA10012D9D3 /* Info.plist */ = {isa = PBXFileReference; lastKnownFileType = text.plist.xml; path = Info.plist; sourceTree = "<group>"; };
		96910C0C2481EAA10012D9D3 /* GitApiUITests.xctest */ = {isa = PBXFileReference; explicitFileType = wrapper.cfbundle; includeInIndex = 0; path = GitApiUITests.xctest; sourceTree = BUILT_PRODUCTS_DIR; };
		96910C102481EAA10012D9D3 /* GitApiUITests.swift */ = {isa = PBXFileReference; lastKnownFileType = sourcecode.swift; path = GitApiUITests.swift; sourceTree = "<group>"; };
		96910C122481EAA10012D9D3 /* Info.plist */ = {isa = PBXFileReference; lastKnownFileType = text.plist.xml; path = Info.plist; sourceTree = "<group>"; };
		96910C212481EE750012D9D3 /* RequestMaker.swift */ = {isa = PBXFileReference; lastKnownFileType = sourcecode.swift; path = RequestMaker.swift; sourceTree = "<group>"; };
		96910C232481FC850012D9D3 /* APISupport.swift */ = {isa = PBXFileReference; lastKnownFileType = sourcecode.swift; path = APISupport.swift; sourceTree = "<group>"; };
		96910C252481FD430012D9D3 /* RepositoryListPresenter.swift */ = {isa = PBXFileReference; lastKnownFileType = sourcecode.swift; path = RepositoryListPresenter.swift; sourceTree = "<group>"; };
		96910C262481FD430012D9D3 /* RepositoryListRouter.swift */ = {isa = PBXFileReference; lastKnownFileType = sourcecode.swift; path = RepositoryListRouter.swift; sourceTree = "<group>"; };
		96910C272481FD430012D9D3 /* RepositoryListViewController.swift */ = {isa = PBXFileReference; lastKnownFileType = sourcecode.swift; path = RepositoryListViewController.swift; sourceTree = "<group>"; };
		96910C282481FD430012D9D3 /* RepositoryListProtocols.swift */ = {isa = PBXFileReference; lastKnownFileType = sourcecode.swift; path = RepositoryListProtocols.swift; sourceTree = "<group>"; };
		96910C292481FD430012D9D3 /* RepositoryListInteractor.swift */ = {isa = PBXFileReference; lastKnownFileType = sourcecode.swift; path = RepositoryListInteractor.swift; sourceTree = "<group>"; };
		B14E438666B1DAF695A93D43 /* Pods_GitApi.framework */ = {isa = PBXFileReference; explicitFileType = wrapper.framework; includeInIndex = 0; path = Pods_GitApi.framework; sourceTree = BUILT_PRODUCTS_DIR; };
		B4C0E0D7F47801E2A50A1D9D /* Pods-GitApiTests.debug.xcconfig */ = {isa = PBXFileReference; includeInIndex = 1; lastKnownFileType = text.xcconfig; name = "Pods-GitApiTests.debug.xcconfig"; path = "Target Support Files/Pods-GitApiTests/Pods-GitApiTests.debug.xcconfig"; sourceTree = "<group>"; };
		C292724207CDF56DF160BEE1 /* Pods-GitApiTests.release.xcconfig */ = {isa = PBXFileReference; includeInIndex = 1; lastKnownFileType = text.xcconfig; name = "Pods-GitApiTests.release.xcconfig"; path = "Target Support Files/Pods-GitApiTests/Pods-GitApiTests.release.xcconfig"; sourceTree = "<group>"; };
/* End PBXFileReference section */

/* Begin PBXFrameworksBuildPhase section */
		96910BE82481EAA00012D9D3 /* Frameworks */ = {
			isa = PBXFrameworksBuildPhase;
			buildActionMask = 2147483647;
			files = (
				BC9FABBC66FDB70E9D9C7360 /* Pods_GitApi.framework in Frameworks */,
			);
			runOnlyForDeploymentPostprocessing = 0;
		};
		96910BFE2481EAA10012D9D3 /* Frameworks */ = {
			isa = PBXFrameworksBuildPhase;
			buildActionMask = 2147483647;
			files = (
				B79736D964C3DF80CD1FE171 /* Pods_GitApiTests.framework in Frameworks */,
			);
			runOnlyForDeploymentPostprocessing = 0;
		};
		96910C092481EAA10012D9D3 /* Frameworks */ = {
			isa = PBXFrameworksBuildPhase;
			buildActionMask = 2147483647;
			files = (
				1C3EC487AD2538440C974B21 /* Pods_GitApi_GitApiUITests.framework in Frameworks */,
			);
			runOnlyForDeploymentPostprocessing = 0;
		};
/* End PBXFrameworksBuildPhase section */

/* Begin PBXGroup section */
		48B49666A568DF8FEF4B91CD /* Frameworks */ = {
			isa = PBXGroup;
			children = (
				B14E438666B1DAF695A93D43 /* Pods_GitApi.framework */,
				4AD1EA63579990F5B24E55FF /* Pods_GitApi_GitApiUITests.framework */,
				38EA1BDD7FB31BBE63272443 /* Pods_GitApiTests.framework */,
			);
			name = Frameworks;
			sourceTree = "<group>";
		};
		53E303825C53C631B7B32D85 /* Pods */ = {
			isa = PBXGroup;
			children = (
				135F0166B9D2E65265106F6F /* Pods-GitApi.debug.xcconfig */,
				26A9FEF4E3EFCCC846440274 /* Pods-GitApi.release.xcconfig */,
				6AC574388744511B36192566 /* Pods-GitApi-GitApiUITests.debug.xcconfig */,
				6A5EF025B1F71C30C194C562 /* Pods-GitApi-GitApiUITests.release.xcconfig */,
				B4C0E0D7F47801E2A50A1D9D /* Pods-GitApiTests.debug.xcconfig */,
				C292724207CDF56DF160BEE1 /* Pods-GitApiTests.release.xcconfig */,
			);
			path = Pods;
			sourceTree = "<group>";
		};
		960957E12481FF6700BE26FF /* Models */ = {
			isa = PBXGroup;
			children = (
				960957E22481FF7F00BE26FF /* RepositoryModel.swift */,
			);
			path = Models;
			sourceTree = "<group>";
		};
		960957E42482B28400BE26FF /* Extensions */ = {
			isa = PBXGroup;
			children = (
				960957E52482B29000BE26FF /* UI */,
				960957F02482BA1A00BE26FF /* Collection+Safety.swift */,
			);
			path = Extensions;
			sourceTree = "<group>";
		};
		960957E52482B29000BE26FF /* UI */ = {
			isa = PBXGroup;
			children = (
				960957EB2482B59600BE26FF /* UIView+Constraints.swift */,
				960957E72482B2BA00BE26FF /* UIImageView+Nuke.swift */,
				960957E92482B49400BE26FF /* UIImage+DefaultPlaceholder.swift */,
			);
			path = UI;
			sourceTree = "<group>";
		};
		960957ED2482B87000BE26FF /* Cell */ = {
			isa = PBXGroup;
			children = (
				960957EE2482B8D000BE26FF /* RespositoryTableViewCell.swift */,
			);
			path = Cell;
			sourceTree = "<group>";
		};
		96910BE22481EAA00012D9D3 = {
			isa = PBXGroup;
			children = (
				96910BED2481EAA00012D9D3 /* GitApi */,
				96910C042481EAA10012D9D3 /* GitApiTests */,
				96910C0F2481EAA10012D9D3 /* GitApiUITests */,
				96910BEC2481EAA00012D9D3 /* Products */,
				53E303825C53C631B7B32D85 /* Pods */,
				48B49666A568DF8FEF4B91CD /* Frameworks */,
			);
			sourceTree = "<group>";
		};
		96910BEC2481EAA00012D9D3 /* Products */ = {
			isa = PBXGroup;
			children = (
				96910BEB2481EAA00012D9D3 /* GitApi.app */,
				96910C012481EAA10012D9D3 /* GitApiTests.xctest */,
				96910C0C2481EAA10012D9D3 /* GitApiUITests.xctest */,
			);
			name = Products;
			sourceTree = "<group>";
		};
		96910BED2481EAA00012D9D3 /* GitApi */ = {
			isa = PBXGroup;
			children = (
				96910BF72481EAA10012D9D3 /* Assets.xcassets */,
				96910BFC2481EAA10012D9D3 /* Info.plist */,
				96910C1F2481ECF70012D9D3 /* API */,
				960957E12481FF6700BE26FF /* Models */,
				96910C202481ECFD0012D9D3 /* Features */,
				960957E42482B28400BE26FF /* Extensions */,
				96910C1E2481ECCA0012D9D3 /* App Base */,
			);
			path = GitApi;
			sourceTree = "<group>";
		};
		96910C042481EAA10012D9D3 /* GitApiTests */ = {
			isa = PBXGroup;
			children = (
				96910C052481EAA10012D9D3 /* GitApiTests.swift */,
				96910C072481EAA10012D9D3 /* Info.plist */,
			);
			path = GitApiTests;
			sourceTree = "<group>";
		};
		96910C0F2481EAA10012D9D3 /* GitApiUITests */ = {
			isa = PBXGroup;
			children = (
				96910C102481EAA10012D9D3 /* GitApiUITests.swift */,
				96910C122481EAA10012D9D3 /* Info.plist */,
			);
			path = GitApiUITests;
			sourceTree = "<group>";
		};
		96910C1E2481ECCA0012D9D3 /* App Base */ = {
			isa = PBXGroup;
			children = (
				96910BEE2481EAA00012D9D3 /* AppDelegate.swift */,
				96910BF02481EAA00012D9D3 /* SceneDelegate.swift */,
				96910BF92481EAA10012D9D3 /* LaunchScreen.storyboard */,
			);
			path = "App Base";
			sourceTree = "<group>";
		};
		96910C1F2481ECF70012D9D3 /* API */ = {
			isa = PBXGroup;
			children = (
				96910C212481EE750012D9D3 /* RequestMaker.swift */,
				96910C232481FC850012D9D3 /* APISupport.swift */,
			);
			path = API;
			sourceTree = "<group>";
		};
		96910C202481ECFD0012D9D3 /* Features */ = {
			isa = PBXGroup;
			children = (
				960957ED2482B87000BE26FF /* Cell */,
				96910C252481FD430012D9D3 /* RepositoryListPresenter.swift */,
				96910C262481FD430012D9D3 /* RepositoryListRouter.swift */,
				96910C272481FD430012D9D3 /* RepositoryListViewController.swift */,
				96910C282481FD430012D9D3 /* RepositoryListProtocols.swift */,
				96910C292481FD430012D9D3 /* RepositoryListInteractor.swift */,
			);
			path = Features;
			sourceTree = "<group>";
		};
/* End PBXGroup section */

/* Begin PBXNativeTarget section */
		96910BEA2481EAA00012D9D3 /* GitApi */ = {
			isa = PBXNativeTarget;
			buildConfigurationList = 96910C152481EAA10012D9D3 /* Build configuration list for PBXNativeTarget "GitApi" */;
			buildPhases = (
				8F42FF74749B02FE8C9B6772 /* [CP] Check Pods Manifest.lock */,
				96910BE72481EAA00012D9D3 /* Sources */,
				96910BE82481EAA00012D9D3 /* Frameworks */,
				96910BE92481EAA00012D9D3 /* Resources */,
				E6AA63626D9B1208E8E0F611 /* [CP] Embed Pods Frameworks */,
			);
			buildRules = (
			);
			dependencies = (
			);
			name = GitApi;
			productName = GitApi;
			productReference = 96910BEB2481EAA00012D9D3 /* GitApi.app */;
			productType = "com.apple.product-type.application";
		};
		96910C002481EAA10012D9D3 /* GitApiTests */ = {
			isa = PBXNativeTarget;
			buildConfigurationList = 96910C182481EAA10012D9D3 /* Build configuration list for PBXNativeTarget "GitApiTests" */;
			buildPhases = (
				9BA6C5C2C6E50295EC70BF29 /* [CP] Check Pods Manifest.lock */,
				96910BFD2481EAA10012D9D3 /* Sources */,
				96910BFE2481EAA10012D9D3 /* Frameworks */,
				96910BFF2481EAA10012D9D3 /* Resources */,
				E263CB325D1B1B0043884FAA /* [CP] Embed Pods Frameworks */,
			);
			buildRules = (
			);
			dependencies = (
				96910C032481EAA10012D9D3 /* PBXTargetDependency */,
			);
			name = GitApiTests;
			productName = GitApiTests;
			productReference = 96910C012481EAA10012D9D3 /* GitApiTests.xctest */;
			productType = "com.apple.product-type.bundle.unit-test";
		};
		96910C0B2481EAA10012D9D3 /* GitApiUITests */ = {
			isa = PBXNativeTarget;
			buildConfigurationList = 96910C1B2481EAA10012D9D3 /* Build configuration list for PBXNativeTarget "GitApiUITests" */;
			buildPhases = (
				3626C3877E5AE50D63B5563D /* [CP] Check Pods Manifest.lock */,
				96910C082481EAA10012D9D3 /* Sources */,
				96910C092481EAA10012D9D3 /* Frameworks */,
				96910C0A2481EAA10012D9D3 /* Resources */,
				2B18E20F410A98B8B13C383E /* [CP] Embed Pods Frameworks */,
			);
			buildRules = (
			);
			dependencies = (
				96910C0E2481EAA10012D9D3 /* PBXTargetDependency */,
			);
			name = GitApiUITests;
			productName = GitApiUITests;
			productReference = 96910C0C2481EAA10012D9D3 /* GitApiUITests.xctest */;
			productType = "com.apple.product-type.bundle.ui-testing";
		};
/* End PBXNativeTarget section */

/* Begin PBXProject section */
		96910BE32481EAA00012D9D3 /* Project object */ = {
			isa = PBXProject;
			attributes = {
				LastSwiftUpdateCheck = 1130;
				LastUpgradeCheck = 1130;
				ORGANIZATIONNAME = Corp;
				TargetAttributes = {
					96910BEA2481EAA00012D9D3 = {
						CreatedOnToolsVersion = 11.3.1;
					};
					96910C002481EAA10012D9D3 = {
						CreatedOnToolsVersion = 11.3.1;
						TestTargetID = 96910BEA2481EAA00012D9D3;
					};
					96910C0B2481EAA10012D9D3 = {
						CreatedOnToolsVersion = 11.3.1;
						TestTargetID = 96910BEA2481EAA00012D9D3;
					};
				};
			};
			buildConfigurationList = 96910BE62481EAA00012D9D3 /* Build configuration list for PBXProject "GitApi" */;
			compatibilityVersion = "Xcode 9.3";
			developmentRegion = en;
			hasScannedForEncodings = 0;
			knownRegions = (
				en,
				Base,
			);
			mainGroup = 96910BE22481EAA00012D9D3;
			productRefGroup = 96910BEC2481EAA00012D9D3 /* Products */;
			projectDirPath = "";
			projectRoot = "";
			targets = (
				96910BEA2481EAA00012D9D3 /* GitApi */,
				96910C002481EAA10012D9D3 /* GitApiTests */,
				96910C0B2481EAA10012D9D3 /* GitApiUITests */,
			);
		};
/* End PBXProject section */

/* Begin PBXResourcesBuildPhase section */
		96910BE92481EAA00012D9D3 /* Resources */ = {
			isa = PBXResourcesBuildPhase;
			buildActionMask = 2147483647;
			files = (
				96910BFB2481EAA10012D9D3 /* LaunchScreen.storyboard in Resources */,
				96910BF82481EAA10012D9D3 /* Assets.xcassets in Resources */,
			);
			runOnlyForDeploymentPostprocessing = 0;
		};
		96910BFF2481EAA10012D9D3 /* Resources */ = {
			isa = PBXResourcesBuildPhase;
			buildActionMask = 2147483647;
			files = (
			);
			runOnlyForDeploymentPostprocessing = 0;
		};
		96910C0A2481EAA10012D9D3 /* Resources */ = {
			isa = PBXResourcesBuildPhase;
			buildActionMask = 2147483647;
			files = (
			);
			runOnlyForDeploymentPostprocessing = 0;
		};
/* End PBXResourcesBuildPhase section */

/* Begin PBXShellScriptBuildPhase section */
		2B18E20F410A98B8B13C383E /* [CP] Embed Pods Frameworks */ = {
			isa = PBXShellScriptBuildPhase;
			buildActionMask = 2147483647;
			files = (
			);
			inputFileListPaths = (
				"${PODS_ROOT}/Target Support Files/Pods-GitApi-GitApiUITests/Pods-GitApi-GitApiUITests-frameworks-${CONFIGURATION}-input-files.xcfilelist",
			);
			name = "[CP] Embed Pods Frameworks";
			outputFileListPaths = (
				"${PODS_ROOT}/Target Support Files/Pods-GitApi-GitApiUITests/Pods-GitApi-GitApiUITests-frameworks-${CONFIGURATION}-output-files.xcfilelist",
			);
			runOnlyForDeploymentPostprocessing = 0;
			shellPath = /bin/sh;
			shellScript = "\"${PODS_ROOT}/Target Support Files/Pods-GitApi-GitApiUITests/Pods-GitApi-GitApiUITests-frameworks.sh\"\n";
			showEnvVarsInLog = 0;
		};
		3626C3877E5AE50D63B5563D /* [CP] Check Pods Manifest.lock */ = {
			isa = PBXShellScriptBuildPhase;
			buildActionMask = 2147483647;
			files = (
			);
			inputFileListPaths = (
			);
			inputPaths = (
				"${PODS_PODFILE_DIR_PATH}/Podfile.lock",
				"${PODS_ROOT}/Manifest.lock",
			);
			name = "[CP] Check Pods Manifest.lock";
			outputFileListPaths = (
			);
			outputPaths = (
				"$(DERIVED_FILE_DIR)/Pods-GitApi-GitApiUITests-checkManifestLockResult.txt",
			);
			runOnlyForDeploymentPostprocessing = 0;
			shellPath = /bin/sh;
			shellScript = "diff \"${PODS_PODFILE_DIR_PATH}/Podfile.lock\" \"${PODS_ROOT}/Manifest.lock\" > /dev/null\nif [ $? != 0 ] ; then\n    # print error to STDERR\n    echo \"error: The sandbox is not in sync with the Podfile.lock. Run 'pod install' or update your CocoaPods installation.\" >&2\n    exit 1\nfi\n# This output is used by Xcode 'outputs' to avoid re-running this script phase.\necho \"SUCCESS\" > \"${SCRIPT_OUTPUT_FILE_0}\"\n";
			showEnvVarsInLog = 0;
		};
		8F42FF74749B02FE8C9B6772 /* [CP] Check Pods Manifest.lock */ = {
			isa = PBXShellScriptBuildPhase;
			buildActionMask = 2147483647;
			files = (
			);
			inputFileListPaths = (
			);
			inputPaths = (
				"${PODS_PODFILE_DIR_PATH}/Podfile.lock",
				"${PODS_ROOT}/Manifest.lock",
			);
			name = "[CP] Check Pods Manifest.lock";
			outputFileListPaths = (
			);
			outputPaths = (
				"$(DERIVED_FILE_DIR)/Pods-GitApi-checkManifestLockResult.txt",
			);
			runOnlyForDeploymentPostprocessing = 0;
			shellPath = /bin/sh;
			shellScript = "diff \"${PODS_PODFILE_DIR_PATH}/Podfile.lock\" \"${PODS_ROOT}/Manifest.lock\" > /dev/null\nif [ $? != 0 ] ; then\n    # print error to STDERR\n    echo \"error: The sandbox is not in sync with the Podfile.lock. Run 'pod install' or update your CocoaPods installation.\" >&2\n    exit 1\nfi\n# This output is used by Xcode 'outputs' to avoid re-running this script phase.\necho \"SUCCESS\" > \"${SCRIPT_OUTPUT_FILE_0}\"\n";
			showEnvVarsInLog = 0;
		};
		9BA6C5C2C6E50295EC70BF29 /* [CP] Check Pods Manifest.lock */ = {
			isa = PBXShellScriptBuildPhase;
			buildActionMask = 2147483647;
			files = (
			);
			inputFileListPaths = (
			);
			inputPaths = (
				"${PODS_PODFILE_DIR_PATH}/Podfile.lock",
				"${PODS_ROOT}/Manifest.lock",
			);
			name = "[CP] Check Pods Manifest.lock";
			outputFileListPaths = (
			);
			outputPaths = (
				"$(DERIVED_FILE_DIR)/Pods-GitApiTests-checkManifestLockResult.txt",
			);
			runOnlyForDeploymentPostprocessing = 0;
			shellPath = /bin/sh;
			shellScript = "diff \"${PODS_PODFILE_DIR_PATH}/Podfile.lock\" \"${PODS_ROOT}/Manifest.lock\" > /dev/null\nif [ $? != 0 ] ; then\n    # print error to STDERR\n    echo \"error: The sandbox is not in sync with the Podfile.lock. Run 'pod install' or update your CocoaPods installation.\" >&2\n    exit 1\nfi\n# This output is used by Xcode 'outputs' to avoid re-running this script phase.\necho \"SUCCESS\" > \"${SCRIPT_OUTPUT_FILE_0}\"\n";
			showEnvVarsInLog = 0;
		};
		E263CB325D1B1B0043884FAA /* [CP] Embed Pods Frameworks */ = {
			isa = PBXShellScriptBuildPhase;
			buildActionMask = 2147483647;
			files = (
			);
			inputFileListPaths = (
				"${PODS_ROOT}/Target Support Files/Pods-GitApiTests/Pods-GitApiTests-frameworks-${CONFIGURATION}-input-files.xcfilelist",
			);
			name = "[CP] Embed Pods Frameworks";
			outputFileListPaths = (
				"${PODS_ROOT}/Target Support Files/Pods-GitApiTests/Pods-GitApiTests-frameworks-${CONFIGURATION}-output-files.xcfilelist",
			);
			runOnlyForDeploymentPostprocessing = 0;
			shellPath = /bin/sh;
			shellScript = "\"${PODS_ROOT}/Target Support Files/Pods-GitApiTests/Pods-GitApiTests-frameworks.sh\"\n";
			showEnvVarsInLog = 0;
		};
		E6AA63626D9B1208E8E0F611 /* [CP] Embed Pods Frameworks */ = {
			isa = PBXShellScriptBuildPhase;
			buildActionMask = 2147483647;
			files = (
			);
			inputFileListPaths = (
				"${PODS_ROOT}/Target Support Files/Pods-GitApi/Pods-GitApi-frameworks-${CONFIGURATION}-input-files.xcfilelist",
			);
			name = "[CP] Embed Pods Frameworks";
			outputFileListPaths = (
				"${PODS_ROOT}/Target Support Files/Pods-GitApi/Pods-GitApi-frameworks-${CONFIGURATION}-output-files.xcfilelist",
			);
			runOnlyForDeploymentPostprocessing = 0;
			shellPath = /bin/sh;
			shellScript = "\"${PODS_ROOT}/Target Support Files/Pods-GitApi/Pods-GitApi-frameworks.sh\"\n";
			showEnvVarsInLog = 0;
		};
/* End PBXShellScriptBuildPhase section */

/* Begin PBXSourcesBuildPhase section */
		96910BE72481EAA00012D9D3 /* Sources */ = {
			isa = PBXSourcesBuildPhase;
			buildActionMask = 2147483647;
			files = (
				96910C2D2481FD430012D9D3 /* RepositoryListViewController.swift in Sources */,
				960957E82482B2BA00BE26FF /* UIImageView+Nuke.swift in Sources */,
				960957F12482BA1A00BE26FF /* Collection+Safety.swift in Sources */,
				96910BEF2481EAA00012D9D3 /* AppDelegate.swift in Sources */,
				960957EC2482B59600BE26FF /* UIView+Constraints.swift in Sources */,
				96910C2B2481FD430012D9D3 /* RepositoryListPresenter.swift in Sources */,
				960957E32481FF7F00BE26FF /* RepositoryModel.swift in Sources */,
				96910C2F2481FD430012D9D3 /* RepositoryListInteractor.swift in Sources */,
				960957EF2482B8D000BE26FF /* RespositoryTableViewCell.swift in Sources */,
				96910C2C2481FD430012D9D3 /* RepositoryListRouter.swift in Sources */,
				96910C222481EE750012D9D3 /* RequestMaker.swift in Sources */,
				96910BF12481EAA00012D9D3 /* SceneDelegate.swift in Sources */,
				96910C2E2481FD430012D9D3 /* RepositoryListProtocols.swift in Sources */,
				960957EA2482B49400BE26FF /* UIImage+DefaultPlaceholder.swift in Sources */,
				96910C242481FC850012D9D3 /* APISupport.swift in Sources */,
			);
			runOnlyForDeploymentPostprocessing = 0;
		};
		96910BFD2481EAA10012D9D3 /* Sources */ = {
			isa = PBXSourcesBuildPhase;
			buildActionMask = 2147483647;
			files = (
				96910C062481EAA10012D9D3 /* GitApiTests.swift in Sources */,
			);
			runOnlyForDeploymentPostprocessing = 0;
		};
		96910C082481EAA10012D9D3 /* Sources */ = {
			isa = PBXSourcesBuildPhase;
			buildActionMask = 2147483647;
			files = (
				96910C112481EAA10012D9D3 /* GitApiUITests.swift in Sources */,
			);
			runOnlyForDeploymentPostprocessing = 0;
		};
/* End PBXSourcesBuildPhase section */

/* Begin PBXTargetDependency section */
		96910C032481EAA10012D9D3 /* PBXTargetDependency */ = {
			isa = PBXTargetDependency;
			target = 96910BEA2481EAA00012D9D3 /* GitApi */;
			targetProxy = 96910C022481EAA10012D9D3 /* PBXContainerItemProxy */;
		};
		96910C0E2481EAA10012D9D3 /* PBXTargetDependency */ = {
			isa = PBXTargetDependency;
			target = 96910BEA2481EAA00012D9D3 /* GitApi */;
			targetProxy = 96910C0D2481EAA10012D9D3 /* PBXContainerItemProxy */;
		};
/* End PBXTargetDependency section */

/* Begin PBXVariantGroup section */
		96910BF92481EAA10012D9D3 /* LaunchScreen.storyboard */ = {
			isa = PBXVariantGroup;
			children = (
				96910BFA2481EAA10012D9D3 /* Base */,
			);
			name = LaunchScreen.storyboard;
			sourceTree = "<group>";
		};
/* End PBXVariantGroup section */

/* Begin XCBuildConfiguration section */
		96910C132481EAA10012D9D3 /* Debug */ = {
			isa = XCBuildConfiguration;
			buildSettings = {
				ALWAYS_SEARCH_USER_PATHS = NO;
				CLANG_ANALYZER_NONNULL = YES;
				CLANG_ANALYZER_NUMBER_OBJECT_CONVERSION = YES_AGGRESSIVE;
				CLANG_CXX_LANGUAGE_STANDARD = "gnu++14";
				CLANG_CXX_LIBRARY = "libc++";
				CLANG_ENABLE_MODULES = YES;
				CLANG_ENABLE_OBJC_ARC = YES;
				CLANG_ENABLE_OBJC_WEAK = YES;
				CLANG_WARN_BLOCK_CAPTURE_AUTORELEASING = YES;
				CLANG_WARN_BOOL_CONVERSION = YES;
				CLANG_WARN_COMMA = YES;
				CLANG_WARN_CONSTANT_CONVERSION = YES;
				CLANG_WARN_DEPRECATED_OBJC_IMPLEMENTATIONS = YES;
				CLANG_WARN_DIRECT_OBJC_ISA_USAGE = YES_ERROR;
				CLANG_WARN_DOCUMENTATION_COMMENTS = YES;
				CLANG_WARN_EMPTY_BODY = YES;
				CLANG_WARN_ENUM_CONVERSION = YES;
				CLANG_WARN_INFINITE_RECURSION = YES;
				CLANG_WARN_INT_CONVERSION = YES;
				CLANG_WARN_NON_LITERAL_NULL_CONVERSION = YES;
				CLANG_WARN_OBJC_IMPLICIT_RETAIN_SELF = YES;
				CLANG_WARN_OBJC_LITERAL_CONVERSION = YES;
				CLANG_WARN_OBJC_ROOT_CLASS = YES_ERROR;
				CLANG_WARN_RANGE_LOOP_ANALYSIS = YES;
				CLANG_WARN_STRICT_PROTOTYPES = YES;
				CLANG_WARN_SUSPICIOUS_MOVE = YES;
				CLANG_WARN_UNGUARDED_AVAILABILITY = YES_AGGRESSIVE;
				CLANG_WARN_UNREACHABLE_CODE = YES;
				CLANG_WARN__DUPLICATE_METHOD_MATCH = YES;
				COPY_PHASE_STRIP = NO;
				DEBUG_INFORMATION_FORMAT = dwarf;
				ENABLE_STRICT_OBJC_MSGSEND = YES;
				ENABLE_TESTABILITY = YES;
				GCC_C_LANGUAGE_STANDARD = gnu11;
				GCC_DYNAMIC_NO_PIC = NO;
				GCC_NO_COMMON_BLOCKS = YES;
				GCC_OPTIMIZATION_LEVEL = 0;
				GCC_PREPROCESSOR_DEFINITIONS = (
					"DEBUG=1",
					"$(inherited)",
				);
				GCC_WARN_64_TO_32_BIT_CONVERSION = YES;
				GCC_WARN_ABOUT_RETURN_TYPE = YES_ERROR;
				GCC_WARN_UNDECLARED_SELECTOR = YES;
				GCC_WARN_UNINITIALIZED_AUTOS = YES_AGGRESSIVE;
				GCC_WARN_UNUSED_FUNCTION = YES;
				GCC_WARN_UNUSED_VARIABLE = YES;
				IPHONEOS_DEPLOYMENT_TARGET = 13.2;
				MTL_ENABLE_DEBUG_INFO = INCLUDE_SOURCE;
				MTL_FAST_MATH = YES;
				ONLY_ACTIVE_ARCH = YES;
				SDKROOT = iphoneos;
				SWIFT_ACTIVE_COMPILATION_CONDITIONS = DEBUG;
				SWIFT_OPTIMIZATION_LEVEL = "-Onone";
			};
			name = Debug;
		};
		96910C142481EAA10012D9D3 /* Release */ = {
			isa = XCBuildConfiguration;
			buildSettings = {
				ALWAYS_SEARCH_USER_PATHS = NO;
				CLANG_ANALYZER_NONNULL = YES;
				CLANG_ANALYZER_NUMBER_OBJECT_CONVERSION = YES_AGGRESSIVE;
				CLANG_CXX_LANGUAGE_STANDARD = "gnu++14";
				CLANG_CXX_LIBRARY = "libc++";
				CLANG_ENABLE_MODULES = YES;
				CLANG_ENABLE_OBJC_ARC = YES;
				CLANG_ENABLE_OBJC_WEAK = YES;
				CLANG_WARN_BLOCK_CAPTURE_AUTORELEASING = YES;
				CLANG_WARN_BOOL_CONVERSION = YES;
				CLANG_WARN_COMMA = YES;
				CLANG_WARN_CONSTANT_CONVERSION = YES;
				CLANG_WARN_DEPRECATED_OBJC_IMPLEMENTATIONS = YES;
				CLANG_WARN_DIRECT_OBJC_ISA_USAGE = YES_ERROR;
				CLANG_WARN_DOCUMENTATION_COMMENTS = YES;
				CLANG_WARN_EMPTY_BODY = YES;
				CLANG_WARN_ENUM_CONVERSION = YES;
				CLANG_WARN_INFINITE_RECURSION = YES;
				CLANG_WARN_INT_CONVERSION = YES;
				CLANG_WARN_NON_LITERAL_NULL_CONVERSION = YES;
				CLANG_WARN_OBJC_IMPLICIT_RETAIN_SELF = YES;
				CLANG_WARN_OBJC_LITERAL_CONVERSION = YES;
				CLANG_WARN_OBJC_ROOT_CLASS = YES_ERROR;
				CLANG_WARN_RANGE_LOOP_ANALYSIS = YES;
				CLANG_WARN_STRICT_PROTOTYPES = YES;
				CLANG_WARN_SUSPICIOUS_MOVE = YES;
				CLANG_WARN_UNGUARDED_AVAILABILITY = YES_AGGRESSIVE;
				CLANG_WARN_UNREACHABLE_CODE = YES;
				CLANG_WARN__DUPLICATE_METHOD_MATCH = YES;
				COPY_PHASE_STRIP = NO;
				DEBUG_INFORMATION_FORMAT = "dwarf-with-dsym";
				ENABLE_NS_ASSERTIONS = NO;
				ENABLE_STRICT_OBJC_MSGSEND = YES;
				GCC_C_LANGUAGE_STANDARD = gnu11;
				GCC_NO_COMMON_BLOCKS = YES;
				GCC_WARN_64_TO_32_BIT_CONVERSION = YES;
				GCC_WARN_ABOUT_RETURN_TYPE = YES_ERROR;
				GCC_WARN_UNDECLARED_SELECTOR = YES;
				GCC_WARN_UNINITIALIZED_AUTOS = YES_AGGRESSIVE;
				GCC_WARN_UNUSED_FUNCTION = YES;
				GCC_WARN_UNUSED_VARIABLE = YES;
				IPHONEOS_DEPLOYMENT_TARGET = 13.2;
				MTL_ENABLE_DEBUG_INFO = NO;
				MTL_FAST_MATH = YES;
				SDKROOT = iphoneos;
				SWIFT_COMPILATION_MODE = wholemodule;
				SWIFT_OPTIMIZATION_LEVEL = "-O";
				VALIDATE_PRODUCT = YES;
			};
			name = Release;
		};
		96910C162481EAA10012D9D3 /* Debug */ = {
			isa = XCBuildConfiguration;
			baseConfigurationReference = 135F0166B9D2E65265106F6F /* Pods-GitApi.debug.xcconfig */;
			buildSettings = {
				ASSETCATALOG_COMPILER_APPICON_NAME = AppIcon;
				CODE_SIGN_STYLE = Automatic;
				DEVELOPMENT_TEAM = P3K4KJAA74;
				INFOPLIST_FILE = GitApi/Info.plist;
				IPHONEOS_DEPLOYMENT_TARGET = 13.0;
				LD_RUNPATH_SEARCH_PATHS = (
					"$(inherited)",
					"@executable_path/Frameworks",
				);
				PRODUCT_BUNDLE_IDENTIFIER = br.com.elias.gitapi.GitApi;
				PRODUCT_NAME = "$(TARGET_NAME)";
				SWIFT_VERSION = 5.0;
				TARGETED_DEVICE_FAMILY = 1;
			};
			name = Debug;
		};
		96910C172481EAA10012D9D3 /* Release */ = {
			isa = XCBuildConfiguration;
			baseConfigurationReference = 26A9FEF4E3EFCCC846440274 /* Pods-GitApi.release.xcconfig */;
			buildSettings = {
				ASSETCATALOG_COMPILER_APPICON_NAME = AppIcon;
				CODE_SIGN_STYLE = Automatic;
				DEVELOPMENT_TEAM = P3K4KJAA74;
				INFOPLIST_FILE = GitApi/Info.plist;
				IPHONEOS_DEPLOYMENT_TARGET = 13.0;
				LD_RUNPATH_SEARCH_PATHS = (
					"$(inherited)",
					"@executable_path/Frameworks",
				);
				PRODUCT_BUNDLE_IDENTIFIER = br.com.elias.gitapi.GitApi;
				PRODUCT_NAME = "$(TARGET_NAME)";
				SWIFT_VERSION = 5.0;
				TARGETED_DEVICE_FAMILY = 1;
			};
			name = Release;
		};
		96910C192481EAA10012D9D3 /* Debug */ = {
			isa = XCBuildConfiguration;
			baseConfigurationReference = B4C0E0D7F47801E2A50A1D9D /* Pods-GitApiTests.debug.xcconfig */;
			buildSettings = {
				ALWAYS_EMBED_SWIFT_STANDARD_LIBRARIES = YES;
				BUNDLE_LOADER = "$(TEST_HOST)";
				CODE_SIGN_STYLE = Automatic;
				DEVELOPMENT_TEAM = P3K4KJAA74;
				INFOPLIST_FILE = GitApiTests/Info.plist;
				IPHONEOS_DEPLOYMENT_TARGET = 13.2;
				LD_RUNPATH_SEARCH_PATHS = (
					"$(inherited)",
					"@executable_path/Frameworks",
					"@loader_path/Frameworks",
				);
				PRODUCT_BUNDLE_IDENTIFIER = br.com.elias.gitapi.GitApiTests;
				PRODUCT_NAME = "$(TARGET_NAME)";
				SWIFT_VERSION = 5.0;
				TARGETED_DEVICE_FAMILY = "1,2";
				TEST_HOST = "$(BUILT_PRODUCTS_DIR)/GitApi.app/GitApi";
			};
			name = Debug;
		};
		96910C1A2481EAA10012D9D3 /* Release */ = {
			isa = XCBuildConfiguration;
			baseConfigurationReference = C292724207CDF56DF160BEE1 /* Pods-GitApiTests.release.xcconfig */;
			buildSettings = {
				ALWAYS_EMBED_SWIFT_STANDARD_LIBRARIES = YES;
				BUNDLE_LOADER = "$(TEST_HOST)";
				CODE_SIGN_STYLE = Automatic;
				DEVELOPMENT_TEAM = P3K4KJAA74;
				INFOPLIST_FILE = GitApiTests/Info.plist;
				IPHONEOS_DEPLOYMENT_TARGET = 13.2;
				LD_RUNPATH_SEARCH_PATHS = (
					"$(inherited)",
					"@executable_path/Frameworks",
					"@loader_path/Frameworks",
				);
				PRODUCT_BUNDLE_IDENTIFIER = br.com.elias.gitapi.GitApiTests;
				PRODUCT_NAME = "$(TARGET_NAME)";
				SWIFT_VERSION = 5.0;
				TARGETED_DEVICE_FAMILY = "1,2";
				TEST_HOST = "$(BUILT_PRODUCTS_DIR)/GitApi.app/GitApi";
			};
			name = Release;
		};
		96910C1C2481EAA10012D9D3 /* Debug */ = {
			isa = XCBuildConfiguration;
			baseConfigurationReference = 6AC574388744511B36192566 /* Pods-GitApi-GitApiUITests.debug.xcconfig */;
			buildSettings = {
				ALWAYS_EMBED_SWIFT_STANDARD_LIBRARIES = YES;
				CODE_SIGN_STYLE = Automatic;
				DEVELOPMENT_TEAM = P3K4KJAA74;
				INFOPLIST_FILE = GitApiUITests/Info.plist;
				LD_RUNPATH_SEARCH_PATHS = (
					"$(inherited)",
					"@executable_path/Frameworks",
					"@loader_path/Frameworks",
				);
				PRODUCT_BUNDLE_IDENTIFIER = br.com.elias.gitapi.GitApiUITests;
				PRODUCT_NAME = "$(TARGET_NAME)";
				SWIFT_VERSION = 5.0;
				TARGETED_DEVICE_FAMILY = "1,2";
				TEST_TARGET_NAME = GitApi;
			};
			name = Debug;
		};
		96910C1D2481EAA10012D9D3 /* Release */ = {
			isa = XCBuildConfiguration;
			baseConfigurationReference = 6A5EF025B1F71C30C194C562 /* Pods-GitApi-GitApiUITests.release.xcconfig */;
			buildSettings = {
				ALWAYS_EMBED_SWIFT_STANDARD_LIBRARIES = YES;
				CODE_SIGN_STYLE = Automatic;
				DEVELOPMENT_TEAM = P3K4KJAA74;
				INFOPLIST_FILE = GitApiUITests/Info.plist;
				LD_RUNPATH_SEARCH_PATHS = (
					"$(inherited)",
					"@executable_path/Frameworks",
					"@loader_path/Frameworks",
				);
				PRODUCT_BUNDLE_IDENTIFIER = br.com.elias.gitapi.GitApiUITests;
				PRODUCT_NAME = "$(TARGET_NAME)";
				SWIFT_VERSION = 5.0;
				TARGETED_DEVICE_FAMILY = "1,2";
				TEST_TARGET_NAME = GitApi;
			};
			name = Release;
		};
/* End XCBuildConfiguration section */

/* Begin XCConfigurationList section */
		96910BE62481EAA00012D9D3 /* Build configuration list for PBXProject "GitApi" */ = {
			isa = XCConfigurationList;
			buildConfigurations = (
				96910C132481EAA10012D9D3 /* Debug */,
				96910C142481EAA10012D9D3 /* Release */,
			);
			defaultConfigurationIsVisible = 0;
			defaultConfigurationName = Release;
		};
		96910C152481EAA10012D9D3 /* Build configuration list for PBXNativeTarget "GitApi" */ = {
			isa = XCConfigurationList;
			buildConfigurations = (
				96910C162481EAA10012D9D3 /* Debug */,
				96910C172481EAA10012D9D3 /* Release */,
			);
			defaultConfigurationIsVisible = 0;
			defaultConfigurationName = Release;
		};
		96910C182481EAA10012D9D3 /* Build configuration list for PBXNativeTarget "GitApiTests" */ = {
			isa = XCConfigurationList;
			buildConfigurations = (
				96910C192481EAA10012D9D3 /* Debug */,
				96910C1A2481EAA10012D9D3 /* Release */,
			);
			defaultConfigurationIsVisible = 0;
			defaultConfigurationName = Release;
		};
		96910C1B2481EAA10012D9D3 /* Build configuration list for PBXNativeTarget "GitApiUITests" */ = {
			isa = XCConfigurationList;
			buildConfigurations = (
				96910C1C2481EAA10012D9D3 /* Debug */,
				96910C1D2481EAA10012D9D3 /* Release */,
			);
			defaultConfigurationIsVisible = 0;
			defaultConfigurationName = Release;
		};
/* End XCConfigurationList section */
	};
	rootObject = 96910BE32481EAA00012D9D3 /* Project object */;
}
